
Microsoft Visual Studio Solution File, Format Version 12.00
# Visual Studio Version 17
VisualStudioVersion = 17.7.34031.279
MinimumVisualStudioVersion = 10.0.40219.1
Project("{FAE04EC0-301F-11D3-BF4B-00C04F79EFBC}") = "Upravljanje restorana", "Upravljanje restorana.csproj", "{6B3D8C92-CA78-423F-A900-EC5FAE3305AD}"
EndProject
Global
	GlobalSection(SolutionConfigurationPlatforms) = preSolution
		Debug|Any CPU = Debug|Any CPU
		Release|Any CPU = Release|Any CPU
	EndGlobalSection
	GlobalSection(ProjectConfigurationPlatforms) = postSolution
		{6B3D8C92-CA78-423F-A900-EC5FAE3305AD}.Debug|Any CPU.ActiveCfg = Debug|Any CPU
		{6B3D8C92-CA78-423F-A900-EC5FAE3305AD}.Debug|Any CPU.Build.0 = Debug|Any CPU
		{6B3D8C92-CA78-423F-A900-EC5FAE3305AD}.Release|Any CPU.ActiveCfg = Release|Any CPU
		{6B3D8C92-CA78-423F-A900-EC5FAE3305AD}.Release|Any CPU.Build.0 = Release|Any CPU
	EndGlobalSection
	GlobalSection(SolutionProperties) = preSolution
		HideSolutionNode = FALSE
	EndGlobalSection
	GlobalSection(ExtensibilityGlobals) = postSolution
		SolutionGuid = {421D02C6-404C-47E6-9796-B1BF00A94EED}
	EndGlobalSection
EndGlobal
